// !$*UTF8*$!
{
	archiveVersion = 1;
	classes = {
	};
	objectVersion = 55;
	objects = {

/* Begin PBXBuildFile section */
		59A9AD8828169D560009A144 /* AppDelegate.swift in Sources */ = {isa = PBXBuildFile; fileRef = 59A9AD8728169D560009A144 /* AppDelegate.swift */; };
		59A9AD8C28169D560009A144 /* LoadViewController.swift in Sources */ = {isa = PBXBuildFile; fileRef = 59A9AD8B28169D560009A144 /* LoadViewController.swift */; };
		59A9AD9128169D580009A144 /* Assets.xcassets in Resources */ = {isa = PBXBuildFile; fileRef = 59A9AD9028169D580009A144 /* Assets.xcassets */; };
		59A9AD9428169D580009A144 /* LaunchScreen.storyboard in Resources */ = {isa = PBXBuildFile; fileRef = 59A9AD9228169D580009A144 /* LaunchScreen.storyboard */; };
		59A9ADA32816D0B60009A144 /* Titles.swift in Sources */ = {isa = PBXBuildFile; fileRef = 59A9ADA22816D0B60009A144 /* Titles.swift */; };
		59A9ADA62816D4A30009A144 /* NetworkManager.swift in Sources */ = {isa = PBXBuildFile; fileRef = 59A9ADA52816D4A30009A144 /* NetworkManager.swift */; };
		59A9ADA82816D6DE0009A144 /* Asteroid.swift in Sources */ = {isa = PBXBuildFile; fileRef = 59A9ADA72816D6DE0009A144 /* Asteroid.swift */; };
		59A9ADAA2816D8960009A144 /* NearEarthObjects.swift in Sources */ = {isa = PBXBuildFile; fileRef = 59A9ADA92816D8960009A144 /* NearEarthObjects.swift */; };
		59A9ADAC2816DB4B0009A144 /* EstimatedDiameter.swift in Sources */ = {isa = PBXBuildFile; fileRef = 59A9ADAB2816DB4B0009A144 /* EstimatedDiameter.swift */; };
		59A9ADAE2816DBA20009A144 /* CloseApproachData.swift in Sources */ = {isa = PBXBuildFile; fileRef = 59A9ADAD2816DBA20009A144 /* CloseApproachData.swift */; };
		59A9ADB02816DD580009A144 /* Meters.swift in Sources */ = {isa = PBXBuildFile; fileRef = 59A9ADAF2816DD580009A144 /* Meters.swift */; };
		59A9ADB22816F59F0009A144 /* RelativeVelocity.swift in Sources */ = {isa = PBXBuildFile; fileRef = 59A9ADB12816F59F0009A144 /* RelativeVelocity.swift */; };
		59A9ADB42816F5C20009A144 /* MissDistance.swift in Sources */ = {isa = PBXBuildFile; fileRef = 59A9ADB32816F5C20009A144 /* MissDistance.swift */; };
		59A9ADB72817E40E0009A144 /* Date.swift in Sources */ = {isa = PBXBuildFile; fileRef = 59A9ADB62817E40E0009A144 /* Date.swift */; };
		59A9ADB92817E6F00009A144 /* AsteroidViewController.swift in Sources */ = {isa = PBXBuildFile; fileRef = 59A9ADB82817E6F00009A144 /* AsteroidViewController.swift */; };
		59A9ADBB2817EAF80009A144 /* DestroyViewController.swift in Sources */ = {isa = PBXBuildFile; fileRef = 59A9ADBA2817EAF80009A144 /* DestroyViewController.swift */; };
		59A9ADBD2817FD710009A144 /* Distance.swift in Sources */ = {isa = PBXBuildFile; fileRef = 59A9ADBC2817FD710009A144 /* Distance.swift */; };
		59A9ADC028181C9A0009A144 /* AsteroidTableViewCell.swift in Sources */ = {isa = PBXBuildFile; fileRef = 59A9ADBF28181C9A0009A144 /* AsteroidTableViewCell.swift */; };
		59A9ADC228182D8C0009A144 /* String.swift in Sources */ = {isa = PBXBuildFile; fileRef = 59A9ADC128182D8C0009A144 /* String.swift */; };
		59A9ADC428182FC60009A144 /* AsteroidSize.swift in Sources */ = {isa = PBXBuildFile; fileRef = 59A9ADC328182FC60009A144 /* AsteroidSize.swift */; };
		59A9ADC72818355B0009A144 /* UILabel.swift in Sources */ = {isa = PBXBuildFile; fileRef = 59A9ADC62818355B0009A144 /* UILabel.swift */; };
		59A9ADC9281839260009A144 /* UIView.swift in Sources */ = {isa = PBXBuildFile; fileRef = 59A9ADC8281839260009A144 /* UIView.swift */; };
		59A9ADCB28196B0C0009A144 /* AsteroidDetailsViewController.swift in Sources */ = {isa = PBXBuildFile; fileRef = 59A9ADCA28196B0C0009A144 /* AsteroidDetailsViewController.swift */; };
		59A9ADCE28196D8A0009A144 /* DetailsDataTypes.swift in Sources */ = {isa = PBXBuildFile; fileRef = 59A9ADCD28196D8A0009A144 /* DetailsDataTypes.swift */; };
		59A9ADD0281972330009A144 /* AsteroidDetailsTableViewCell.swift in Sources */ = {isa = PBXBuildFile; fileRef = 59A9ADCF281972330009A144 /* AsteroidDetailsTableViewCell.swift */; };
/* End PBXBuildFile section */

/* Begin PBXFileReference section */
		59A9AD8428169D560009A144 /* Armagedon2022.app */ = {isa = PBXFileReference; explicitFileType = wrapper.application; includeInIndex = 0; path = Armagedon2022.app; sourceTree = BUILT_PRODUCTS_DIR; };
		59A9AD8728169D560009A144 /* AppDelegate.swift */ = {isa = PBXFileReference; lastKnownFileType = sourcecode.swift; path = AppDelegate.swift; sourceTree = "<group>"; };
		59A9AD8B28169D560009A144 /* LoadViewController.swift */ = {isa = PBXFileReference; lastKnownFileType = sourcecode.swift; path = LoadViewController.swift; sourceTree = "<group>"; };
		59A9AD9028169D580009A144 /* Assets.xcassets */ = {isa = PBXFileReference; lastKnownFileType = folder.assetcatalog; path = Assets.xcassets; sourceTree = "<group>"; };
		59A9AD9328169D580009A144 /* Base */ = {isa = PBXFileReference; lastKnownFileType = file.storyboard; name = Base; path = Base.lproj/LaunchScreen.storyboard; sourceTree = "<group>"; };
		59A9AD9528169D580009A144 /* Info.plist */ = {isa = PBXFileReference; lastKnownFileType = text.plist.xml; path = Info.plist; sourceTree = "<group>"; };
		59A9ADA22816D0B60009A144 /* Titles.swift */ = {isa = PBXFileReference; lastKnownFileType = sourcecode.swift; path = Titles.swift; sourceTree = "<group>"; };
		59A9ADA52816D4A30009A144 /* NetworkManager.swift */ = {isa = PBXFileReference; lastKnownFileType = sourcecode.swift; path = NetworkManager.swift; sourceTree = "<group>"; };
		59A9ADA72816D6DE0009A144 /* Asteroid.swift */ = {isa = PBXFileReference; lastKnownFileType = sourcecode.swift; path = Asteroid.swift; sourceTree = "<group>"; };
		59A9ADA92816D8960009A144 /* NearEarthObjects.swift */ = {isa = PBXFileReference; lastKnownFileType = sourcecode.swift; path = NearEarthObjects.swift; sourceTree = "<group>"; };
		59A9ADAB2816DB4B0009A144 /* EstimatedDiameter.swift */ = {isa = PBXFileReference; lastKnownFileType = sourcecode.swift; path = EstimatedDiameter.swift; sourceTree = "<group>"; };
		59A9ADAD2816DBA20009A144 /* CloseApproachData.swift */ = {isa = PBXFileReference; lastKnownFileType = sourcecode.swift; path = CloseApproachData.swift; sourceTree = "<group>"; };
		59A9ADAF2816DD580009A144 /* Meters.swift */ = {isa = PBXFileReference; lastKnownFileType = sourcecode.swift; path = Meters.swift; sourceTree = "<group>"; };
		59A9ADB12816F59F0009A144 /* RelativeVelocity.swift */ = {isa = PBXFileReference; lastKnownFileType = sourcecode.swift; path = RelativeVelocity.swift; sourceTree = "<group>"; };
		59A9ADB32816F5C20009A144 /* MissDistance.swift */ = {isa = PBXFileReference; lastKnownFileType = sourcecode.swift; path = MissDistance.swift; sourceTree = "<group>"; };
		59A9ADB62817E40E0009A144 /* Date.swift */ = {isa = PBXFileReference; lastKnownFileType = sourcecode.swift; path = Date.swift; sourceTree = "<group>"; };
		59A9ADB82817E6F00009A144 /* AsteroidViewController.swift */ = {isa = PBXFileReference; lastKnownFileType = sourcecode.swift; path = AsteroidViewController.swift; sourceTree = "<group>"; };
		59A9ADBA2817EAF80009A144 /* DestroyViewController.swift */ = {isa = PBXFileReference; lastKnownFileType = sourcecode.swift; path = DestroyViewController.swift; sourceTree = "<group>"; };
		59A9ADBC2817FD710009A144 /* Distance.swift */ = {isa = PBXFileReference; lastKnownFileType = sourcecode.swift; path = Distance.swift; sourceTree = "<group>"; };
		59A9ADBF28181C9A0009A144 /* AsteroidTableViewCell.swift */ = {isa = PBXFileReference; lastKnownFileType = sourcecode.swift; path = AsteroidTableViewCell.swift; sourceTree = "<group>"; };
		59A9ADC128182D8C0009A144 /* String.swift */ = {isa = PBXFileReference; lastKnownFileType = sourcecode.swift; path = String.swift; sourceTree = "<group>"; };
		59A9ADC328182FC60009A144 /* AsteroidSize.swift */ = {isa = PBXFileReference; lastKnownFileType = sourcecode.swift; path = AsteroidSize.swift; sourceTree = "<group>"; };
		59A9ADC62818355B0009A144 /* UILabel.swift */ = {isa = PBXFileReference; lastKnownFileType = sourcecode.swift; path = UILabel.swift; sourceTree = "<group>"; };
		59A9ADC8281839260009A144 /* UIView.swift */ = {isa = PBXFileReference; lastKnownFileType = sourcecode.swift; path = UIView.swift; sourceTree = "<group>"; };
		59A9ADCA28196B0C0009A144 /* AsteroidDetailsViewController.swift */ = {isa = PBXFileReference; lastKnownFileType = sourcecode.swift; path = AsteroidDetailsViewController.swift; sourceTree = "<group>"; };
		59A9ADCD28196D8A0009A144 /* DetailsDataTypes.swift */ = {isa = PBXFileReference; lastKnownFileType = sourcecode.swift; path = DetailsDataTypes.swift; sourceTree = "<group>"; };
		59A9ADCF281972330009A144 /* AsteroidDetailsTableViewCell.swift */ = {isa = PBXFileReference; lastKnownFileType = sourcecode.swift; path = AsteroidDetailsTableViewCell.swift; sourceTree = "<group>"; };
/* End PBXFileReference section */

/* Begin PBXFrameworksBuildPhase section */
		59A9AD8128169D560009A144 /* Frameworks */ = {
			isa = PBXFrameworksBuildPhase;
			buildActionMask = 2147483647;
			files = (
			);
			runOnlyForDeploymentPostprocessing = 0;
		};
/* End PBXFrameworksBuildPhase section */

/* Begin PBXGroup section */
		59A9AD7B28169D560009A144 = {
			isa = PBXGroup;
			children = (
				59A9AD8628169D560009A144 /* Armagedon2022 */,
				59A9AD8528169D560009A144 /* Products */,
			);
			sourceTree = "<group>";
		};
		59A9AD8528169D560009A144 /* Products */ = {
			isa = PBXGroup;
			children = (
				59A9AD8428169D560009A144 /* Armagedon2022.app */,
			);
			name = Products;
			sourceTree = "<group>";
		};
		59A9AD8628169D560009A144 /* Armagedon2022 */ = {
			isa = PBXGroup;
			children = (
				59A9ADBE28181C6E0009A144 /* CustomCells */,
				59A9ADB52817E3FB0009A144 /* Extensions */,
				59A9ADA42816D48C0009A144 /* Services */,
				59A9ADA02816D08F0009A144 /* Helpers */,
				59A9AD9F28169F9A0009A144 /* Models */,
				59A9AD9B28169D690009A144 /* Controllers */,
				59A9AD9D28169D970009A144 /* Resources */,
				59A9AD9C28169D760009A144 /* SupportFiles */,
				59A9AD9E28169DA30009A144 /* Storyboards */,
			);
			path = Armagedon2022;
			sourceTree = "<group>";
		};
		59A9AD9B28169D690009A144 /* Controllers */ = {
			isa = PBXGroup;
			children = (
				59A9AD8B28169D560009A144 /* LoadViewController.swift */,
				59A9ADB82817E6F00009A144 /* AsteroidViewController.swift */,
				59A9ADBA2817EAF80009A144 /* DestroyViewController.swift */,
				59A9ADCA28196B0C0009A144 /* AsteroidDetailsViewController.swift */,
			);
			path = Controllers;
			sourceTree = "<group>";
		};
		59A9AD9C28169D760009A144 /* SupportFiles */ = {
			isa = PBXGroup;
			children = (
				59A9AD8728169D560009A144 /* AppDelegate.swift */,
				59A9AD9528169D580009A144 /* Info.plist */,
			);
			path = SupportFiles;
			sourceTree = "<group>";
		};
		59A9AD9D28169D970009A144 /* Resources */ = {
			isa = PBXGroup;
			children = (
				59A9AD9028169D580009A144 /* Assets.xcassets */,
			);
			path = Resources;
			sourceTree = "<group>";
		};
		59A9AD9E28169DA30009A144 /* Storyboards */ = {
			isa = PBXGroup;
			children = (
				59A9AD9228169D580009A144 /* LaunchScreen.storyboard */,
			);
			path = Storyboards;
			sourceTree = "<group>";
		};
		59A9AD9F28169F9A0009A144 /* Models */ = {
			isa = PBXGroup;
			children = (
				59A9ADA72816D6DE0009A144 /* Asteroid.swift */,
				59A9ADA92816D8960009A144 /* NearEarthObjects.swift */,
				59A9ADAB2816DB4B0009A144 /* EstimatedDiameter.swift */,
				59A9ADAD2816DBA20009A144 /* CloseApproachData.swift */,
				59A9ADAF2816DD580009A144 /* Meters.swift */,
				59A9ADB12816F59F0009A144 /* RelativeVelocity.swift */,
				59A9ADB32816F5C20009A144 /* MissDistance.swift */,
			);
			path = Models;
			sourceTree = "<group>";
		};
		59A9ADA02816D08F0009A144 /* Helpers */ = {
			isa = PBXGroup;
			children = (
				59A9ADCC28196D760009A144 /* DetailsDataTypes */,
				59A9ADC528182FEE0009A144 /* ImageSize */,
				59A9ADA12816D09C0009A144 /* Titles */,
				59A9ADBC2817FD710009A144 /* Distance.swift */,
			);
			path = Helpers;
			sourceTree = "<group>";
		};
		59A9ADA12816D09C0009A144 /* Titles */ = {
			isa = PBXGroup;
			children = (
				59A9ADA22816D0B60009A144 /* Titles.swift */,
			);
			path = Titles;
			sourceTree = "<group>";
		};
		59A9ADA42816D48C0009A144 /* Services */ = {
			isa = PBXGroup;
			children = (
				59A9ADA52816D4A30009A144 /* NetworkManager.swift */,
			);
			path = Services;
			sourceTree = "<group>";
		};
		59A9ADB52817E3FB0009A144 /* Extensions */ = {
			isa = PBXGroup;
			children = (
				59A9ADB62817E40E0009A144 /* Date.swift */,
				59A9ADC128182D8C0009A144 /* String.swift */,
				59A9ADC62818355B0009A144 /* UILabel.swift */,
				59A9ADC8281839260009A144 /* UIView.swift */,
			);
			path = Extensions;
			sourceTree = "<group>";
		};
		59A9ADBE28181C6E0009A144 /* CustomCells */ = {
			isa = PBXGroup;
			children = (
				59A9ADBF28181C9A0009A144 /* AsteroidTableViewCell.swift */,
				59A9ADCF281972330009A144 /* AsteroidDetailsTableViewCell.swift */,
			);
			path = CustomCells;
			sourceTree = "<group>";
		};
		59A9ADC528182FEE0009A144 /* ImageSize */ = {
			isa = PBXGroup;
			children = (
				59A9ADC328182FC60009A144 /* AsteroidSize.swift */,
			);
			path = ImageSize;
			sourceTree = "<group>";
		};
		59A9ADCC28196D760009A144 /* DetailsDataTypes */ = {
			isa = PBXGroup;
			children = (
				59A9ADCD28196D8A0009A144 /* DetailsDataTypes.swift */,
			);
			path = DetailsDataTypes;
			sourceTree = "<group>";
		};
/* End PBXGroup section */

/* Begin PBXNativeTarget section */
		59A9AD8328169D560009A144 /* Armagedon2022 */ = {
			isa = PBXNativeTarget;
			buildConfigurationList = 59A9AD9828169D580009A144 /* Build configuration list for PBXNativeTarget "Armagedon2022" */;
			buildPhases = (
				59A9AD8028169D560009A144 /* Sources */,
				59A9AD8128169D560009A144 /* Frameworks */,
				59A9AD8228169D560009A144 /* Resources */,
			);
			buildRules = (
			);
			dependencies = (
			);
			name = Armagedon2022;
			productName = Armagedon2022;
			productReference = 59A9AD8428169D560009A144 /* Armagedon2022.app */;
			productType = "com.apple.product-type.application";
		};
/* End PBXNativeTarget section */

/* Begin PBXProject section */
		59A9AD7C28169D560009A144 /* Project object */ = {
			isa = PBXProject;
			attributes = {
				BuildIndependentTargetsInParallel = 1;
				LastSwiftUpdateCheck = 1320;
				LastUpgradeCheck = 1320;
				TargetAttributes = {
					59A9AD8328169D560009A144 = {
						CreatedOnToolsVersion = 13.2.1;
					};
				};
			};
			buildConfigurationList = 59A9AD7F28169D560009A144 /* Build configuration list for PBXProject "Armagedon2022" */;
			compatibilityVersion = "Xcode 13.0";
			developmentRegion = en;
			hasScannedForEncodings = 0;
			knownRegions = (
				en,
				Base,
			);
			mainGroup = 59A9AD7B28169D560009A144;
			productRefGroup = 59A9AD8528169D560009A144 /* Products */;
			projectDirPath = "";
			projectRoot = "";
			targets = (
				59A9AD8328169D560009A144 /* Armagedon2022 */,
			);
		};
/* End PBXProject section */

/* Begin PBXResourcesBuildPhase section */
		59A9AD8228169D560009A144 /* Resources */ = {
			isa = PBXResourcesBuildPhase;
			buildActionMask = 2147483647;
			files = (
				59A9AD9428169D580009A144 /* LaunchScreen.storyboard in Resources */,
				59A9AD9128169D580009A144 /* Assets.xcassets in Resources */,
			);
			runOnlyForDeploymentPostprocessing = 0;
		};
/* End PBXResourcesBuildPhase section */

/* Begin PBXSourcesBuildPhase section */
		59A9AD8028169D560009A144 /* Sources */ = {
			isa = PBXSourcesBuildPhase;
			buildActionMask = 2147483647;
			files = (
				59A9ADC9281839260009A144 /* UIView.swift in Sources */,
				59A9ADAE2816DBA20009A144 /* CloseApproachData.swift in Sources */,
				59A9ADCE28196D8A0009A144 /* DetailsDataTypes.swift in Sources */,
				59A9ADA62816D4A30009A144 /* NetworkManager.swift in Sources */,
				59A9ADA32816D0B60009A144 /* Titles.swift in Sources */,
				59A9ADC428182FC60009A144 /* AsteroidSize.swift in Sources */,
				59A9AD8C28169D560009A144 /* LoadViewController.swift in Sources */,
				59A9ADC028181C9A0009A144 /* AsteroidTableViewCell.swift in Sources */,
				59A9ADD0281972330009A144 /* AsteroidDetailsTableViewCell.swift in Sources */,
				59A9ADB92817E6F00009A144 /* AsteroidViewController.swift in Sources */,
				59A9ADC72818355B0009A144 /* UILabel.swift in Sources */,
				59A9ADB22816F59F0009A144 /* RelativeVelocity.swift in Sources */,
				59A9ADB02816DD580009A144 /* Meters.swift in Sources */,
				59A9ADAA2816D8960009A144 /* NearEarthObjects.swift in Sources */,
				59A9ADB72817E40E0009A144 /* Date.swift in Sources */,
				59A9ADBD2817FD710009A144 /* Distance.swift in Sources */,
				59A9ADAC2816DB4B0009A144 /* EstimatedDiameter.swift in Sources */,
				59A9AD8828169D560009A144 /* AppDelegate.swift in Sources */,
				59A9ADB42816F5C20009A144 /* MissDistance.swift in Sources */,
				59A9ADC228182D8C0009A144 /* String.swift in Sources */,
				59A9ADA82816D6DE0009A144 /* Asteroid.swift in Sources */,
				59A9ADCB28196B0C0009A144 /* AsteroidDetailsViewController.swift in Sources */,
				59A9ADBB2817EAF80009A144 /* DestroyViewController.swift in Sources */,
			);
			runOnlyForDeploymentPostprocessing = 0;
		};
/* End PBXSourcesBuildPhase section */

/* Begin PBXVariantGroup section */
		59A9AD9228169D580009A144 /* LaunchScreen.storyboard */ = {
			isa = PBXVariantGroup;
			children = (
				59A9AD9328169D580009A144 /* Base */,
			);
			name = LaunchScreen.storyboard;
			sourceTree = "<group>";
		};
/* End PBXVariantGroup section */

/* Begin XCBuildConfiguration section */
		59A9AD9628169D580009A144 /* Debug */ = {
			isa = XCBuildConfiguration;
			buildSettings = {
				ALWAYS_SEARCH_USER_PATHS = NO;
				CLANG_ANALYZER_NONNULL = YES;
				CLANG_ANALYZER_NUMBER_OBJECT_CONVERSION = YES_AGGRESSIVE;
				CLANG_CXX_LANGUAGE_STANDARD = "gnu++17";
				CLANG_CXX_LIBRARY = "libc++";
				CLANG_ENABLE_MODULES = YES;
				CLANG_ENABLE_OBJC_ARC = YES;
				CLANG_ENABLE_OBJC_WEAK = YES;
				CLANG_WARN_BLOCK_CAPTURE_AUTORELEASING = YES;
				CLANG_WARN_BOOL_CONVERSION = YES;
				CLANG_WARN_COMMA = YES;
				CLANG_WARN_CONSTANT_CONVERSION = YES;
				CLANG_WARN_DEPRECATED_OBJC_IMPLEMENTATIONS = YES;
				CLANG_WARN_DIRECT_OBJC_ISA_USAGE = YES_ERROR;
				CLANG_WARN_DOCUMENTATION_COMMENTS = YES;
				CLANG_WARN_EMPTY_BODY = YES;
				CLANG_WARN_ENUM_CONVERSION = YES;
				CLANG_WARN_INFINITE_RECURSION = YES;
				CLANG_WARN_INT_CONVERSION = YES;
				CLANG_WARN_NON_LITERAL_NULL_CONVERSION = YES;
				CLANG_WARN_OBJC_IMPLICIT_RETAIN_SELF = YES;
				CLANG_WARN_OBJC_LITERAL_CONVERSION = YES;
				CLANG_WARN_OBJC_ROOT_CLASS = YES_ERROR;
				CLANG_WARN_QUOTED_INCLUDE_IN_FRAMEWORK_HEADER = YES;
				CLANG_WARN_RANGE_LOOP_ANALYSIS = YES;
				CLANG_WARN_STRICT_PROTOTYPES = YES;
				CLANG_WARN_SUSPICIOUS_MOVE = YES;
				CLANG_WARN_UNGUARDED_AVAILABILITY = YES_AGGRESSIVE;
				CLANG_WARN_UNREACHABLE_CODE = YES;
				CLANG_WARN__DUPLICATE_METHOD_MATCH = YES;
				COPY_PHASE_STRIP = NO;
				DEBUG_INFORMATION_FORMAT = dwarf;
				ENABLE_STRICT_OBJC_MSGSEND = YES;
				ENABLE_TESTABILITY = YES;
				GCC_C_LANGUAGE_STANDARD = gnu11;
				GCC_DYNAMIC_NO_PIC = NO;
				GCC_NO_COMMON_BLOCKS = YES;
				GCC_OPTIMIZATION_LEVEL = 0;
				GCC_PREPROCESSOR_DEFINITIONS = (
					"DEBUG=1",
					"$(inherited)",
				);
				GCC_WARN_64_TO_32_BIT_CONVERSION = YES;
				GCC_WARN_ABOUT_RETURN_TYPE = YES_ERROR;
				GCC_WARN_UNDECLARED_SELECTOR = YES;
				GCC_WARN_UNINITIALIZED_AUTOS = YES_AGGRESSIVE;
				GCC_WARN_UNUSED_FUNCTION = YES;
				GCC_WARN_UNUSED_VARIABLE = YES;
				IPHONEOS_DEPLOYMENT_TARGET = 15.2;
				MTL_ENABLE_DEBUG_INFO = INCLUDE_SOURCE;
				MTL_FAST_MATH = YES;
				ONLY_ACTIVE_ARCH = YES;
				SDKROOT = iphoneos;
				SWIFT_ACTIVE_COMPILATION_CONDITIONS = DEBUG;
				SWIFT_OPTIMIZATION_LEVEL = "-Onone";
			};
			name = Debug;
		};
		59A9AD9728169D580009A144 /* Release */ = {
			isa = XCBuildConfiguration;
			buildSettings = {
				ALWAYS_SEARCH_USER_PATHS = NO;
				CLANG_ANALYZER_NONNULL = YES;
				CLANG_ANALYZER_NUMBER_OBJECT_CONVERSION = YES_AGGRESSIVE;
				CLANG_CXX_LANGUAGE_STANDARD = "gnu++17";
				CLANG_CXX_LIBRARY = "libc++";
				CLANG_ENABLE_MODULES = YES;
				CLANG_ENABLE_OBJC_ARC = YES;
				CLANG_ENABLE_OBJC_WEAK = YES;
				CLANG_WARN_BLOCK_CAPTURE_AUTORELEASING = YES;
				CLANG_WARN_BOOL_CONVERSION = YES;
				CLANG_WARN_COMMA = YES;
				CLANG_WARN_CONSTANT_CONVERSION = YES;
				CLANG_WARN_DEPRECATED_OBJC_IMPLEMENTATIONS = YES;
				CLANG_WARN_DIRECT_OBJC_ISA_USAGE = YES_ERROR;
				CLANG_WARN_DOCUMENTATION_COMMENTS = YES;
				CLANG_WARN_EMPTY_BODY = YES;
				CLANG_WARN_ENUM_CONVERSION = YES;
				CLANG_WARN_INFINITE_RECURSION = YES;
				CLANG_WARN_INT_CONVERSION = YES;
				CLANG_WARN_NON_LITERAL_NULL_CONVERSION = YES;
				CLANG_WARN_OBJC_IMPLICIT_RETAIN_SELF = YES;
				CLANG_WARN_OBJC_LITERAL_CONVERSION = YES;
				CLANG_WARN_OBJC_ROOT_CLASS = YES_ERROR;
				CLANG_WARN_QUOTED_INCLUDE_IN_FRAMEWORK_HEADER = YES;
				CLANG_WARN_RANGE_LOOP_ANALYSIS = YES;
				CLANG_WARN_STRICT_PROTOTYPES = YES;
				CLANG_WARN_SUSPICIOUS_MOVE = YES;
				CLANG_WARN_UNGUARDED_AVAILABILITY = YES_AGGRESSIVE;
				CLANG_WARN_UNREACHABLE_CODE = YES;
				CLANG_WARN__DUPLICATE_METHOD_MATCH = YES;
				COPY_PHASE_STRIP = NO;
				DEBUG_INFORMATION_FORMAT = "dwarf-with-dsym";
				ENABLE_NS_ASSERTIONS = NO;
				ENABLE_STRICT_OBJC_MSGSEND = YES;
				GCC_C_LANGUAGE_STANDARD = gnu11;
				GCC_NO_COMMON_BLOCKS = YES;
				GCC_WARN_64_TO_32_BIT_CONVERSION = YES;
				GCC_WARN_ABOUT_RETURN_TYPE = YES_ERROR;
				GCC_WARN_UNDECLARED_SELECTOR = YES;
				GCC_WARN_UNINITIALIZED_AUTOS = YES_AGGRESSIVE;
				GCC_WARN_UNUSED_FUNCTION = YES;
				GCC_WARN_UNUSED_VARIABLE = YES;
				IPHONEOS_DEPLOYMENT_TARGET = 15.2;
				MTL_ENABLE_DEBUG_INFO = NO;
				MTL_FAST_MATH = YES;
				SDKROOT = iphoneos;
				SWIFT_COMPILATION_MODE = wholemodule;
				SWIFT_OPTIMIZATION_LEVEL = "-O";
				VALIDATE_PRODUCT = YES;
			};
			name = Release;
		};
		59A9AD9928169D580009A144 /* Debug */ = {
			isa = XCBuildConfiguration;
			buildSettings = {
				ASSETCATALOG_COMPILER_APPICON_NAME = AppIcon;
				ASSETCATALOG_COMPILER_GLOBAL_ACCENT_COLOR_NAME = AccentColor;
				CODE_SIGN_STYLE = Automatic;
				CURRENT_PROJECT_VERSION = 1;
				DEVELOPMENT_TEAM = 4XK5S24922;
				GENERATE_INFOPLIST_FILE = YES;
				INFOPLIST_FILE = Armagedon2022/SupportFiles/Info.plist;
				INFOPLIST_KEY_UIApplicationSupportsIndirectInputEvents = YES;
				INFOPLIST_KEY_UILaunchStoryboardName = LaunchScreen;
				INFOPLIST_KEY_UISupportedInterfaceOrientations_iPad = "UIInterfaceOrientationPortrait UIInterfaceOrientationPortraitUpsideDown UIInterfaceOrientationLandscapeLeft UIInterfaceOrientationLandscapeRight";
				INFOPLIST_KEY_UISupportedInterfaceOrientations_iPhone = "UIInterfaceOrientationPortrait UIInterfaceOrientationLandscapeLeft UIInterfaceOrientationLandscapeRight";
				IPHONEOS_DEPLOYMENT_TARGET = 15.0;
				LD_RUNPATH_SEARCH_PATHS = (
					"$(inherited)",
					"@executable_path/Frameworks",
				);
				MARKETING_VERSION = 1.0;
				PRODUCT_BUNDLE_IDENTIFIER = "Alexey-Kulish.Armagedon2022";
				PRODUCT_NAME = "$(TARGET_NAME)";
				SWIFT_EMIT_LOC_STRINGS = YES;
				SWIFT_VERSION = 5.0;
				TARGETED_DEVICE_FAMILY = "1,2";
			};
			name = Debug;
		};
		59A9AD9A28169D580009A144 /* Release */ = {
			isa = XCBuildConfiguration;
			buildSettings = {
				ASSETCATALOG_COMPILER_APPICON_NAME = AppIcon;
				ASSETCATALOG_COMPILER_GLOBAL_ACCENT_COLOR_NAME = AccentColor;
				CODE_SIGN_STYLE = Automatic;
				CURRENT_PROJECT_VERSION = 1;
				DEVELOPMENT_TEAM = 4XK5S24922;
				GENERATE_INFOPLIST_FILE = YES;
				INFOPLIST_FILE = Armagedon2022/SupportFiles/Info.plist;
				INFOPLIST_KEY_UIApplicationSupportsIndirectInputEvents = YES;
				INFOPLIST_KEY_UILaunchStoryboardName = LaunchScreen;
				INFOPLIST_KEY_UISupportedInterfaceOrientations_iPad = "UIInterfaceOrientationPortrait UIInterfaceOrientationPortraitUpsideDown UIInterfaceOrientationLandscapeLeft UIInterfaceOrientationLandscapeRight";
				INFOPLIST_KEY_UISupportedInterfaceOrientations_iPhone = "UIInterfaceOrientationPortrait UIInterfaceOrientationLandscapeLeft UIInterfaceOrientationLandscapeRight";
				IPHONEOS_DEPLOYMENT_TARGET = 15.0;
				LD_RUNPATH_SEARCH_PATHS = (
					"$(inherited)",
					"@executable_path/Frameworks",
				);
				MARKETING_VERSION = 1.0;
				PRODUCT_BUNDLE_IDENTIFIER = "Alexey-Kulish.Armagedon2022";
				PRODUCT_NAME = "$(TARGET_NAME)";
				SWIFT_EMIT_LOC_STRINGS = YES;
				SWIFT_VERSION = 5.0;
				TARGETED_DEVICE_FAMILY = "1,2";
			};
			name = Release;
		};
/* End XCBuildConfiguration section */

/* Begin XCConfigurationList section */
		59A9AD7F28169D560009A144 /* Build configuration list for PBXProject "Armagedon2022" */ = {
			isa = XCConfigurationList;
			buildConfigurations = (
				59A9AD9628169D580009A144 /* Debug */,
				59A9AD9728169D580009A144 /* Release */,
			);
			defaultConfigurationIsVisible = 0;
			defaultConfigurationName = Release;
		};
		59A9AD9828169D580009A144 /* Build configuration list for PBXNativeTarget "Armagedon2022" */ = {
			isa = XCConfigurationList;
			buildConfigurations = (
				59A9AD9928169D580009A144 /* Debug */,
				59A9AD9A28169D580009A144 /* Release */,
			);
			defaultConfigurationIsVisible = 0;
			defaultConfigurationName = Release;
		};
/* End XCConfigurationList section */
	};
	rootObject = 59A9AD7C28169D560009A144 /* Project object */;
}
